
Microsoft Visual Studio Solution File, Format Version 12.00
# Visual Studio Version 17
VisualStudioVersion = 17.14.36109.1 d17.14
MinimumVisualStudioVersion = 10.0.40219.1
Project("{FAE04EC0-301F-11D3-BF4B-00C04F79EFBC}") = "CourseWeb", "CourseWeb\CourseWeb.csproj", "{D7FFF96E-68C0-414D-BE78-49396620818B}"
EndProject
Project("{FAE04EC0-301F-11D3-BF4B-00C04F79EFBC}") = "CourseService", "CourseService\CourseService.csproj", "{BEFCFDBE-90A6-436E-B089-7D3B8F6864E9}"
EndProject
Project("{FAE04EC0-301F-11D3-BF4B-00C04F79EFBC}") = "CourseData", "CourseModel\CourseData.csproj", "{28D68735-6FD3-44D6-85D5-0107FD73CFAD}"
EndProject
Global
	GlobalSection(SolutionConfigurationPlatforms) = preSolution
		Debug|Any CPU = Debug|Any CPU
		Release|Any CPU = Release|Any CPU
	EndGlobalSection
	GlobalSection(ProjectConfigurationPlatforms) = postSolution
		{D7FFF96E-68C0-414D-BE78-49396620818B}.Debug|Any CPU.ActiveCfg = Debug|Any CPU
		{D7FFF96E-68C0-414D-BE78-49396620818B}.Debug|Any CPU.Build.0 = Debug|Any CPU
		{D7FFF96E-68C0-414D-BE78-49396620818B}.Release|Any CPU.ActiveCfg = Release|Any CPU
		{D7FFF96E-68C0-414D-BE78-49396620818B}.Release|Any CPU.Build.0 = Release|Any CPU
		{BEFCFDBE-90A6-436E-B089-7D3B8F6864E9}.Debug|Any CPU.ActiveCfg = Debug|Any CPU
		{BEFCFDBE-90A6-436E-B089-7D3B8F6864E9}.Debug|Any CPU.Build.0 = Debug|Any CPU
		{BEFCFDBE-90A6-436E-B089-7D3B8F6864E9}.Release|Any CPU.ActiveCfg = Release|Any CPU
		{BEFCFDBE-90A6-436E-B089-7D3B8F6864E9}.Release|Any CPU.Build.0 = Release|Any CPU
		{28D68735-6FD3-44D6-85D5-0107FD73CFAD}.Debug|Any CPU.ActiveCfg = Debug|Any CPU
		{28D68735-6FD3-44D6-85D5-0107FD73CFAD}.Debug|Any CPU.Build.0 = Debug|Any CPU
		{28D68735-6FD3-44D6-85D5-0107FD73CFAD}.Release|Any CPU.ActiveCfg = Release|Any CPU
		{28D68735-6FD3-44D6-85D5-0107FD73CFAD}.Release|Any CPU.Build.0 = Release|Any CPU
	EndGlobalSection
	GlobalSection(SolutionProperties) = preSolution
		HideSolutionNode = FALSE
	EndGlobalSection
	GlobalSection(ExtensibilityGlobals) = postSolution
		SolutionGuid = {6DC5F998-D7FE-4C07-A755-DF3644D6E5B0}
	EndGlobalSection
EndGlobal
